// !$*UTF8*$!
{
	archiveVersion = 1;
	classes = {
	};
	objectVersion = 56;
	objects = {

/* Begin PBXBuildFile section */
		FD4E4A872CAF3EE4005C5305 /* 3min.mp3 in Resources */ = {isa = PBXBuildFile; fileRef = FD4E4A862CAF3EE4005C5305 /* 3min.mp3 */; };
		FD4E4A892CAF3EEC005C5305 /* 5min.mp3 in Resources */ = {isa = PBXBuildFile; fileRef = FD4E4A882CAF3EEC005C5305 /* 5min.mp3 */; };
		FD4E4A8B2CAF3EF4005C5305 /* 10min.mp3 in Resources */ = {isa = PBXBuildFile; fileRef = FD4E4A8A2CAF3EF4005C5305 /* 10min.mp3 */; };
		FD4E4A8D2CAF3FC7005C5305 /* 1.mp3 in Resources */ = {isa = PBXBuildFile; fileRef = FD4E4A8C2CAF3FC7005C5305 /* 1.mp3 */; };
		FD6E18A32CAE4D650044B757 /* week04App.swift in Sources */ = {isa = PBXBuildFile; fileRef = FD6E18A22CAE4D650044B757 /* week04App.swift */; };
		FD6E18A52CAE4D650044B757 /* ContentView.swift in Sources */ = {isa = PBXBuildFile; fileRef = FD6E18A42CAE4D650044B757 /* ContentView.swift */; };
		FD6E18A72CAE4D6A0044B757 /* Assets.xcassets in Resources */ = {isa = PBXBuildFile; fileRef = FD6E18A62CAE4D6A0044B757 /* Assets.xcassets */; };
		FD6E18AB2CAE4D6A0044B757 /* Preview Assets.xcassets in Resources */ = {isa = PBXBuildFile; fileRef = FD6E18AA2CAE4D6A0044B757 /* Preview Assets.xcassets */; };
		FD6E18CE2CAE4F7A0044B757 /* ExperienceView.swift in Sources */ = {isa = PBXBuildFile; fileRef = FD6E18CD2CAE4F7A0044B757 /* ExperienceView.swift */; };
		FD6E18D02CAE50720044B757 /* LandingPageView.swift in Sources */ = {isa = PBXBuildFile; fileRef = FD6E18CF2CAE50720044B757 /* LandingPageView.swift */; };
/* End PBXBuildFile section */

/* Begin PBXContainerItemProxy section */
		FD6E18B12CAE4D6B0044B757 /* PBXContainerItemProxy */ = {
			isa = PBXContainerItemProxy;
			containerPortal = FD6E18972CAE4D640044B757 /* Project object */;
			proxyType = 1;
			remoteGlobalIDString = FD6E189E2CAE4D650044B757;
			remoteInfo = week04;
		};
		FD6E18BB2CAE4D6B0044B757 /* PBXContainerItemProxy */ = {
			isa = PBXContainerItemProxy;
			containerPortal = FD6E18972CAE4D640044B757 /* Project object */;
			proxyType = 1;
			remoteGlobalIDString = FD6E189E2CAE4D650044B757;
			remoteInfo = week04;
		};
/* End PBXContainerItemProxy section */

/* Begin PBXFileReference section */
		FD4E4A862CAF3EE4005C5305 /* 3min.mp3 */ = {isa = PBXFileReference; lastKnownFileType = audio.mp3; path = 3min.mp3; sourceTree = "<group>"; };
		FD4E4A882CAF3EEC005C5305 /* 5min.mp3 */ = {isa = PBXFileReference; lastKnownFileType = audio.mp3; path = 5min.mp3; sourceTree = "<group>"; };
		FD4E4A8A2CAF3EF4005C5305 /* 10min.mp3 */ = {isa = PBXFileReference; lastKnownFileType = audio.mp3; path = 10min.mp3; sourceTree = "<group>"; };
		FD4E4A8C2CAF3FC7005C5305 /* 1.mp3 */ = {isa = PBXFileReference; lastKnownFileType = audio.mp3; path = 1.mp3; sourceTree = "<group>"; };
		FD6E189F2CAE4D650044B757 /* week04.app */ = {isa = PBXFileReference; explicitFileType = wrapper.application; includeInIndex = 0; path = week04.app; sourceTree = BUILT_PRODUCTS_DIR; };
		FD6E18A22CAE4D650044B757 /* week04App.swift */ = {isa = PBXFileReference; lastKnownFileType = sourcecode.swift; path = week04App.swift; sourceTree = "<group>"; };
		FD6E18A42CAE4D650044B757 /* ContentView.swift */ = {isa = PBXFileReference; lastKnownFileType = sourcecode.swift; path = ContentView.swift; sourceTree = "<group>"; };
		FD6E18A62CAE4D6A0044B757 /* Assets.xcassets */ = {isa = PBXFileReference; lastKnownFileType = folder.assetcatalog; path = Assets.xcassets; sourceTree = "<group>"; };
		FD6E18A82CAE4D6A0044B757 /* week04.entitlements */ = {isa = PBXFileReference; lastKnownFileType = text.plist.entitlements; path = week04.entitlements; sourceTree = "<group>"; };
		FD6E18AA2CAE4D6A0044B757 /* Preview Assets.xcassets */ = {isa = PBXFileReference; lastKnownFileType = folder.assetcatalog; path = "Preview Assets.xcassets"; sourceTree = "<group>"; };
		FD6E18B02CAE4D6B0044B757 /* week04Tests.xctest */ = {isa = PBXFileReference; explicitFileType = wrapper.cfbundle; includeInIndex = 0; path = week04Tests.xctest; sourceTree = BUILT_PRODUCTS_DIR; };
		FD6E18BA2CAE4D6B0044B757 /* week04UITests.xctest */ = {isa = PBXFileReference; explicitFileType = wrapper.cfbundle; includeInIndex = 0; path = week04UITests.xctest; sourceTree = BUILT_PRODUCTS_DIR; };
		FD6E18CD2CAE4F7A0044B757 /* ExperienceView.swift */ = {isa = PBXFileReference; lastKnownFileType = sourcecode.swift; path = ExperienceView.swift; sourceTree = "<group>"; };
		FD6E18CF2CAE50720044B757 /* LandingPageView.swift */ = {isa = PBXFileReference; lastKnownFileType = sourcecode.swift; path = LandingPageView.swift; sourceTree = "<group>"; };
/* End PBXFileReference section */

/* Begin PBXFrameworksBuildPhase section */
		FD6E189C2CAE4D650044B757 /* Frameworks */ = {
			isa = PBXFrameworksBuildPhase;
			buildActionMask = 2147483647;
			files = (
			);
			runOnlyForDeploymentPostprocessing = 0;
		};
		FD6E18AD2CAE4D6B0044B757 /* Frameworks */ = {
			isa = PBXFrameworksBuildPhase;
			buildActionMask = 2147483647;
			files = (
			);
			runOnlyForDeploymentPostprocessing = 0;
		};
		FD6E18B72CAE4D6B0044B757 /* Frameworks */ = {
			isa = PBXFrameworksBuildPhase;
			buildActionMask = 2147483647;
			files = (
			);
			runOnlyForDeploymentPostprocessing = 0;
		};
/* End PBXFrameworksBuildPhase section */

/* Begin PBXGroup section */
		FD6E18962CAE4D640044B757 = {
			isa = PBXGroup;
			children = (
				FD4E4A8C2CAF3FC7005C5305 /* 1.mp3 */,
				FD4E4A882CAF3EEC005C5305 /* 5min.mp3 */,
				FD4E4A8A2CAF3EF4005C5305 /* 10min.mp3 */,
				FD4E4A862CAF3EE4005C5305 /* 3min.mp3 */,
				FD6E18A12CAE4D650044B757 /* week04 */,
				FD6E18A02CAE4D650044B757 /* Products */,
			);
			sourceTree = "<group>";
		};
		FD6E18A02CAE4D650044B757 /* Products */ = {
			isa = PBXGroup;
			children = (
				FD6E189F2CAE4D650044B757 /* week04.app */,
				FD6E18B02CAE4D6B0044B757 /* week04Tests.xctest */,
				FD6E18BA2CAE4D6B0044B757 /* week04UITests.xctest */,
			);
			name = Products;
			sourceTree = "<group>";
		};
		FD6E18A12CAE4D650044B757 /* week04 */ = {
			isa = PBXGroup;
			children = (
				FD6E18CD2CAE4F7A0044B757 /* ExperienceView.swift */,
				FD6E18A22CAE4D650044B757 /* week04App.swift */,
				FD6E18CF2CAE50720044B757 /* LandingPageView.swift */,
				FD6E18A42CAE4D650044B757 /* ContentView.swift */,
				FD6E18A62CAE4D6A0044B757 /* Assets.xcassets */,
				FD6E18A82CAE4D6A0044B757 /* week04.entitlements */,
				FD6E18A92CAE4D6A0044B757 /* Preview Content */,
			);
			path = week04;
			sourceTree = "<group>";
		};
		FD6E18A92CAE4D6A0044B757 /* Preview Content */ = {
			isa = PBXGroup;
			children = (
				FD6E18AA2CAE4D6A0044B757 /* Preview Assets.xcassets */,
			);
			path = "Preview Content";
			sourceTree = "<group>";
		};
/* End PBXGroup section */

/* Begin PBXNativeTarget section */
		FD6E189E2CAE4D650044B757 /* week04 */ = {
			isa = PBXNativeTarget;
			buildConfigurationList = FD6E18C42CAE4D6B0044B757 /* Build configuration list for PBXNativeTarget "week04" */;
			buildPhases = (
				FD6E189B2CAE4D650044B757 /* Sources */,
				FD6E189C2CAE4D650044B757 /* Frameworks */,
				FD6E189D2CAE4D650044B757 /* Resources */,
			);
			buildRules = (
			);
			dependencies = (
			);
			name = week04;
			productName = week04;
			productReference = FD6E189F2CAE4D650044B757 /* week04.app */;
			productType = "com.apple.product-type.application";
		};
		FD6E18AF2CAE4D6B0044B757 /* week04Tests */ = {
			isa = PBXNativeTarget;
			buildConfigurationList = FD6E18C72CAE4D6B0044B757 /* Build configuration list for PBXNativeTarget "week04Tests" */;
			buildPhases = (
				FD6E18AC2CAE4D6B0044B757 /* Sources */,
				FD6E18AD2CAE4D6B0044B757 /* Frameworks */,
				FD6E18AE2CAE4D6B0044B757 /* Resources */,
			);
			buildRules = (
			);
			dependencies = (
				FD6E18B22CAE4D6B0044B757 /* PBXTargetDependency */,
			);
			name = week04Tests;
			productName = week04Tests;
			productReference = FD6E18B02CAE4D6B0044B757 /* week04Tests.xctest */;
			productType = "com.apple.product-type.bundle.unit-test";
		};
		FD6E18B92CAE4D6B0044B757 /* week04UITests */ = {
			isa = PBXNativeTarget;
			buildConfigurationList = FD6E18CA2CAE4D6B0044B757 /* Build configuration list for PBXNativeTarget "week04UITests" */;
			buildPhases = (
				FD6E18B62CAE4D6B0044B757 /* Sources */,
				FD6E18B72CAE4D6B0044B757 /* Frameworks */,
				FD6E18B82CAE4D6B0044B757 /* Resources */,
			);
			buildRules = (
			);
			dependencies = (
				FD6E18BC2CAE4D6B0044B757 /* PBXTargetDependency */,
			);
			name = week04UITests;
			productName = week04UITests;
			productReference = FD6E18BA2CAE4D6B0044B757 /* week04UITests.xctest */;
			productType = "com.apple.product-type.bundle.ui-testing";
		};
/* End PBXNativeTarget section */

/* Begin PBXProject section */
		FD6E18972CAE4D640044B757 /* Project object */ = {
			isa = PBXProject;
			attributes = {
				BuildIndependentTargetsInParallel = 1;
				LastSwiftUpdateCheck = 1540;
				LastUpgradeCheck = 1540;
				TargetAttributes = {
					FD6E189E2CAE4D650044B757 = {
						CreatedOnToolsVersion = 15.4;
					};
					FD6E18AF2CAE4D6B0044B757 = {
						CreatedOnToolsVersion = 15.4;
						TestTargetID = FD6E189E2CAE4D650044B757;
					};
					FD6E18B92CAE4D6B0044B757 = {
						CreatedOnToolsVersion = 15.4;
						TestTargetID = FD6E189E2CAE4D650044B757;
					};
				};
			};
			buildConfigurationList = FD6E189A2CAE4D640044B757 /* Build configuration list for PBXProject "week04" */;
			compatibilityVersion = "Xcode 14.0";
			developmentRegion = en;
			hasScannedForEncodings = 0;
			knownRegions = (
				en,
				Base,
			);
			mainGroup = FD6E18962CAE4D640044B757;
			productRefGroup = FD6E18A02CAE4D650044B757 /* Products */;
			projectDirPath = "";
			projectRoot = "";
			targets = (
				FD6E189E2CAE4D650044B757 /* week04 */,
				FD6E18AF2CAE4D6B0044B757 /* week04Tests */,
				FD6E18B92CAE4D6B0044B757 /* week04UITests */,
			);
		};
/* End PBXProject section */

/* Begin PBXResourcesBuildPhase section */
		FD6E189D2CAE4D650044B757 /* Resources */ = {
			isa = PBXResourcesBuildPhase;
			buildActionMask = 2147483647;
			files = (
				FD4E4A8D2CAF3FC7005C5305 /* 1.mp3 in Resources */,
				FD4E4A872CAF3EE4005C5305 /* 3min.mp3 in Resources */,
				FD6E18AB2CAE4D6A0044B757 /* Preview Assets.xcassets in Resources */,
				FD4E4A8B2CAF3EF4005C5305 /* 10min.mp3 in Resources */,
				FD6E18A72CAE4D6A0044B757 /* Assets.xcassets in Resources */,
				FD4E4A892CAF3EEC005C5305 /* 5min.mp3 in Resources */,
			);
			runOnlyForDeploymentPostprocessing = 0;
		};
		FD6E18AE2CAE4D6B0044B757 /* Resources */ = {
			isa = PBXResourcesBuildPhase;
			buildActionMask = 2147483647;
			files = (
			);
			runOnlyForDeploymentPostprocessing = 0;
		};
		FD6E18B82CAE4D6B0044B757 /* Resources */ = {
			isa = PBXResourcesBuildPhase;
			buildActionMask = 2147483647;
			files = (
			);
			runOnlyForDeploymentPostprocessing = 0;
		};
/* End PBXResourcesBuildPhase section */

/* Begin PBXSourcesBuildPhase section */
		FD6E189B2CAE4D650044B757 /* Sources */ = {
			isa = PBXSourcesBuildPhase;
			buildActionMask = 2147483647;
			files = (
				FD6E18CE2CAE4F7A0044B757 /* ExperienceView.swift in Sources */,
				FD6E18D02CAE50720044B757 /* LandingPageView.swift in Sources */,
				FD6E18A52CAE4D650044B757 /* ContentView.swift in Sources */,
				FD6E18A32CAE4D650044B757 /* week04App.swift in Sources */,
			);
			runOnlyForDeploymentPostprocessing = 0;
		};
		FD6E18AC2CAE4D6B0044B757 /* Sources */ = {
			isa = PBXSourcesBuildPhase;
			buildActionMask = 2147483647;
			files = (
			);
			runOnlyForDeploymentPostprocessing = 0;
		};
		FD6E18B62CAE4D6B0044B757 /* Sources */ = {
			isa = PBXSourcesBuildPhase;
			buildActionMask = 2147483647;
			files = (
			);
			runOnlyForDeploymentPostprocessing = 0;
		};
/* End PBXSourcesBuildPhase section */

/* Begin PBXTargetDependency section */
		FD6E18B22CAE4D6B0044B757 /* PBXTargetDependency */ = {
			isa = PBXTargetDependency;
			target = FD6E189E2CAE4D650044B757 /* week04 */;
			targetProxy = FD6E18B12CAE4D6B0044B757 /* PBXContainerItemProxy */;
		};
		FD6E18BC2CAE4D6B0044B757 /* PBXTargetDependency */ = {
			isa = PBXTargetDependency;
			target = FD6E189E2CAE4D650044B757 /* week04 */;
			targetProxy = FD6E18BB2CAE4D6B0044B757 /* PBXContainerItemProxy */;
		};
/* End PBXTargetDependency section */

/* Begin XCBuildConfiguration section */
		FD6E18C22CAE4D6B0044B757 /* Debug */ = {
			isa = XCBuildConfiguration;
			buildSettings = {
				ALWAYS_SEARCH_USER_PATHS = NO;
				ASSETCATALOG_COMPILER_GENERATE_SWIFT_ASSET_SYMBOL_EXTENSIONS = YES;
				CLANG_ANALYZER_NONNULL = YES;
				CLANG_ANALYZER_NUMBER_OBJECT_CONVERSION = YES_AGGRESSIVE;
				CLANG_CXX_LANGUAGE_STANDARD = "gnu++20";
				CLANG_ENABLE_MODULES = YES;
				CLANG_ENABLE_OBJC_ARC = YES;
				CLANG_ENABLE_OBJC_WEAK = YES;
				CLANG_WARN_BLOCK_CAPTURE_AUTORELEASING = YES;
				CLANG_WARN_BOOL_CONVERSION = YES;
				CLANG_WARN_COMMA = YES;
				CLANG_WARN_CONSTANT_CONVERSION = YES;
				CLANG_WARN_DEPRECATED_OBJC_IMPLEMENTATIONS = YES;
				CLANG_WARN_DIRECT_OBJC_ISA_USAGE = YES_ERROR;
				CLANG_WARN_DOCUMENTATION_COMMENTS = YES;
				CLANG_WARN_EMPTY_BODY = YES;
				CLANG_WARN_ENUM_CONVERSION = YES;
				CLANG_WARN_INFINITE_RECURSION = YES;
				CLANG_WARN_INT_CONVERSION = YES;
				CLANG_WARN_NON_LITERAL_NULL_CONVERSION = YES;
				CLANG_WARN_OBJC_IMPLICIT_RETAIN_SELF = YES;
				CLANG_WARN_OBJC_LITERAL_CONVERSION = YES;
				CLANG_WARN_OBJC_ROOT_CLASS = YES_ERROR;
				CLANG_WARN_QUOTED_INCLUDE_IN_FRAMEWORK_HEADER = YES;
				CLANG_WARN_RANGE_LOOP_ANALYSIS = YES;
				CLANG_WARN_STRICT_PROTOTYPES = YES;
				CLANG_WARN_SUSPICIOUS_MOVE = YES;
				CLANG_WARN_UNGUARDED_AVAILABILITY = YES_AGGRESSIVE;
				CLANG_WARN_UNREACHABLE_CODE = YES;
				CLANG_WARN__DUPLICATE_METHOD_MATCH = YES;
				COPY_PHASE_STRIP = NO;
				DEBUG_INFORMATION_FORMAT = dwarf;
				ENABLE_STRICT_OBJC_MSGSEND = YES;
				ENABLE_TESTABILITY = YES;
				ENABLE_USER_SCRIPT_SANDBOXING = YES;
				GCC_C_LANGUAGE_STANDARD = gnu17;
				GCC_DYNAMIC_NO_PIC = NO;
				GCC_NO_COMMON_BLOCKS = YES;
				GCC_OPTIMIZATION_LEVEL = 0;
				GCC_PREPROCESSOR_DEFINITIONS = (
					"DEBUG=1",
					"$(inherited)",
				);
				GCC_WARN_64_TO_32_BIT_CONVERSION = YES;
				GCC_WARN_ABOUT_RETURN_TYPE = YES_ERROR;
				GCC_WARN_UNDECLARED_SELECTOR = YES;
				GCC_WARN_UNINITIALIZED_AUTOS = YES_AGGRESSIVE;
				GCC_WARN_UNUSED_FUNCTION = YES;
				GCC_WARN_UNUSED_VARIABLE = YES;
				LOCALIZATION_PREFERS_STRING_CATALOGS = YES;
				MTL_ENABLE_DEBUG_INFO = INCLUDE_SOURCE;
				MTL_FAST_MATH = YES;
				ONLY_ACTIVE_ARCH = YES;
				SWIFT_ACTIVE_COMPILATION_CONDITIONS = "DEBUG $(inherited)";
				SWIFT_OPTIMIZATION_LEVEL = "-Onone";
			};
			name = Debug;
		};
		FD6E18C32CAE4D6B0044B757 /* Release */ = {
			isa = XCBuildConfiguration;
			buildSettings = {
				ALWAYS_SEARCH_USER_PATHS = NO;
				ASSETCATALOG_COMPILER_GENERATE_SWIFT_ASSET_SYMBOL_EXTENSIONS = YES;
				CLANG_ANALYZER_NONNULL = YES;
				CLANG_ANALYZER_NUMBER_OBJECT_CONVERSION = YES_AGGRESSIVE;
				CLANG_CXX_LANGUAGE_STANDARD = "gnu++20";
				CLANG_ENABLE_MODULES = YES;
				CLANG_ENABLE_OBJC_ARC = YES;
				CLANG_ENABLE_OBJC_WEAK = YES;
				CLANG_WARN_BLOCK_CAPTURE_AUTORELEASING = YES;
				CLANG_WARN_BOOL_CONVERSION = YES;
				CLANG_WARN_COMMA = YES;
				CLANG_WARN_CONSTANT_CONVERSION = YES;
				CLANG_WARN_DEPRECATED_OBJC_IMPLEMENTATIONS = YES;
				CLANG_WARN_DIRECT_OBJC_ISA_USAGE = YES_ERROR;
				CLANG_WARN_DOCUMENTATION_COMMENTS = YES;
				CLANG_WARN_EMPTY_BODY = YES;
				CLANG_WARN_ENUM_CONVERSION = YES;
				CLANG_WARN_INFINITE_RECURSION = YES;
				CLANG_WARN_INT_CONVERSION = YES;
				CLANG_WARN_NON_LITERAL_NULL_CONVERSION = YES;
				CLANG_WARN_OBJC_IMPLICIT_RETAIN_SELF = YES;
				CLANG_WARN_OBJC_LITERAL_CONVERSION = YES;
				CLANG_WARN_OBJC_ROOT_CLASS = YES_ERROR;
				CLANG_WARN_QUOTED_INCLUDE_IN_FRAMEWORK_HEADER = YES;
				CLANG_WARN_RANGE_LOOP_ANALYSIS = YES;
				CLANG_WARN_STRICT_PROTOTYPES = YES;
				CLANG_WARN_SUSPICIOUS_MOVE = YES;
				CLANG_WARN_UNGUARDED_AVAILABILITY = YES_AGGRESSIVE;
				CLANG_WARN_UNREACHABLE_CODE = YES;
				CLANG_WARN__DUPLICATE_METHOD_MATCH = YES;
				COPY_PHASE_STRIP = NO;
				DEBUG_INFORMATION_FORMAT = "dwarf-with-dsym";
				ENABLE_NS_ASSERTIONS = NO;
				ENABLE_STRICT_OBJC_MSGSEND = YES;
				ENABLE_USER_SCRIPT_SANDBOXING = YES;
				GCC_C_LANGUAGE_STANDARD = gnu17;
				GCC_NO_COMMON_BLOCKS = YES;
				GCC_WARN_64_TO_32_BIT_CONVERSION = YES;
				GCC_WARN_ABOUT_RETURN_TYPE = YES_ERROR;
				GCC_WARN_UNDECLARED_SELECTOR = YES;
				GCC_WARN_UNINITIALIZED_AUTOS = YES_AGGRESSIVE;
				GCC_WARN_UNUSED_FUNCTION = YES;
				GCC_WARN_UNUSED_VARIABLE = YES;
				LOCALIZATION_PREFERS_STRING_CATALOGS = YES;
				MTL_ENABLE_DEBUG_INFO = NO;
				MTL_FAST_MATH = YES;
				SWIFT_COMPILATION_MODE = wholemodule;
			};
			name = Release;
		};
		FD6E18C52CAE4D6B0044B757 /* Debug */ = {
			isa = XCBuildConfiguration;
			buildSettings = {
				ASSETCATALOG_COMPILER_APPICON_NAME = AppIcon;
				ASSETCATALOG_COMPILER_GLOBAL_ACCENT_COLOR_NAME = AccentColor;
				CODE_SIGN_ENTITLEMENTS = week04/week04.entitlements;
				CODE_SIGN_STYLE = Automatic;
				CURRENT_PROJECT_VERSION = 1;
				DEVELOPMENT_ASSET_PATHS = "\"week04/Preview Content\"";
				ENABLE_PREVIEWS = YES;
				GENERATE_INFOPLIST_FILE = YES;
				"INFOPLIST_KEY_UIApplicationSceneManifest_Generation[sdk=iphoneos*]" = YES;
				"INFOPLIST_KEY_UIApplicationSceneManifest_Generation[sdk=iphonesimulator*]" = YES;
				"INFOPLIST_KEY_UIApplicationSupportsIndirectInputEvents[sdk=iphoneos*]" = YES;
				"INFOPLIST_KEY_UIApplicationSupportsIndirectInputEvents[sdk=iphonesimulator*]" = YES;
				"INFOPLIST_KEY_UILaunchScreen_Generation[sdk=iphoneos*]" = YES;
				"INFOPLIST_KEY_UILaunchScreen_Generation[sdk=iphonesimulator*]" = YES;
				"INFOPLIST_KEY_UIStatusBarStyle[sdk=iphoneos*]" = UIStatusBarStyleDefault;
				"INFOPLIST_KEY_UIStatusBarStyle[sdk=iphonesimulator*]" = UIStatusBarStyleDefault;
				INFOPLIST_KEY_UISupportedInterfaceOrientations_iPad = "UIInterfaceOrientationPortrait UIInterfaceOrientationPortraitUpsideDown UIInterfaceOrientationLandscapeLeft UIInterfaceOrientationLandscapeRight";
				INFOPLIST_KEY_UISupportedInterfaceOrientations_iPhone = "UIInterfaceOrientationPortrait UIInterfaceOrientationLandscapeLeft UIInterfaceOrientationLandscapeRight";
				IPHONEOS_DEPLOYMENT_TARGET = 17.5;
				LD_RUNPATH_SEARCH_PATHS = "@executable_path/Frameworks";
				"LD_RUNPATH_SEARCH_PATHS[sdk=macosx*]" = "@executable_path/../Frameworks";
				MACOSX_DEPLOYMENT_TARGET = 14.4;
				MARKETING_VERSION = 1.0;
				PRODUCT_BUNDLE_IDENTIFIER = key.week04;
				PRODUCT_NAME = "$(TARGET_NAME)";
				SDKROOT = auto;
				SUPPORTED_PLATFORMS = "iphoneos iphonesimulator macosx";
				SWIFT_EMIT_LOC_STRINGS = YES;
				SWIFT_VERSION = 5.0;
				TARGETED_DEVICE_FAMILY = "1,2";
			};
			name = Debug;
		};
		FD6E18C62CAE4D6B0044B757 /* Release */ = {
			isa = XCBuildConfiguration;
			buildSettings = {
				ASSETCATALOG_COMPILER_APPICON_NAME = AppIcon;
				ASSETCATALOG_COMPILER_GLOBAL_ACCENT_COLOR_NAME = AccentColor;
				CODE_SIGN_ENTITLEMENTS = week04/week04.entitlements;
				CODE_SIGN_STYLE = Automatic;
				CURRENT_PROJECT_VERSION = 1;
				DEVELOPMENT_ASSET_PATHS = "\"week04/Preview Content\"";
				ENABLE_PREVIEWS = YES;
				GENERATE_INFOPLIST_FILE = YES;
				"INFOPLIST_KEY_UIApplicationSceneManifest_Generation[sdk=iphoneos*]" = YES;
				"INFOPLIST_KEY_UIApplicationSceneManifest_Generation[sdk=iphonesimulator*]" = YES;
				"INFOPLIST_KEY_UIApplicationSupportsIndirectInputEvents[sdk=iphoneos*]" = YES;
				"INFOPLIST_KEY_UIApplicationSupportsIndirectInputEvents[sdk=iphonesimulator*]" = YES;
				"INFOPLIST_KEY_UILaunchScreen_Generation[sdk=iphoneos*]" = YES;
				"INFOPLIST_KEY_UILaunchScreen_Generation[sdk=iphonesimulator*]" = YES;
				"INFOPLIST_KEY_UIStatusBarStyle[sdk=iphoneos*]" = UIStatusBarStyleDefault;
				"INFOPLIST_KEY_UIStatusBarStyle[sdk=iphonesimulator*]" = UIStatusBarStyleDefault;
				INFOPLIST_KEY_UISupportedInterfaceOrientations_iPad = "UIInterfaceOrientationPortrait UIInterfaceOrientationPortraitUpsideDown UIInterfaceOrientationLandscapeLeft UIInterfaceOrientationLandscapeRight";
				INFOPLIST_KEY_UISupportedInterfaceOrientations_iPhone = "UIInterfaceOrientationPortrait UIInterfaceOrientationLandscapeLeft UIInterfaceOrientationLandscapeRight";
				IPHONEOS_DEPLOYMENT_TARGET = 17.5;
				LD_RUNPATH_SEARCH_PATHS = "@executable_path/Frameworks";
				"LD_RUNPATH_SEARCH_PATHS[sdk=macosx*]" = "@executable_path/../Frameworks";
				MACOSX_DEPLOYMENT_TARGET = 14.4;
				MARKETING_VERSION = 1.0;
				PRODUCT_BUNDLE_IDENTIFIER = key.week04;
				PRODUCT_NAME = "$(TARGET_NAME)";
				SDKROOT = auto;
				SUPPORTED_PLATFORMS = "iphoneos iphonesimulator macosx";
				SWIFT_EMIT_LOC_STRINGS = YES;
				SWIFT_VERSION = 5.0;
				TARGETED_DEVICE_FAMILY = "1,2";
			};
			name = Release;
		};
		FD6E18C82CAE4D6B0044B757 /* Debug */ = {
			isa = XCBuildConfiguration;
			buildSettings = {
				ALWAYS_EMBED_SWIFT_STANDARD_LIBRARIES = YES;
				BUNDLE_LOADER = "$(TEST_HOST)";
				CODE_SIGN_STYLE = Automatic;
				CURRENT_PROJECT_VERSION = 1;
				GENERATE_INFOPLIST_FILE = YES;
				IPHONEOS_DEPLOYMENT_TARGET = 17.5;
				MACOSX_DEPLOYMENT_TARGET = 14.4;
				MARKETING_VERSION = 1.0;
				PRODUCT_BUNDLE_IDENTIFIER = key.week04Tests;
				PRODUCT_NAME = "$(TARGET_NAME)";
				SDKROOT = auto;
				SUPPORTED_PLATFORMS = "iphoneos iphonesimulator macosx";
				SWIFT_EMIT_LOC_STRINGS = NO;
				SWIFT_VERSION = 5.0;
				TARGETED_DEVICE_FAMILY = "1,2";
				TEST_HOST = "$(BUILT_PRODUCTS_DIR)/week04.app/$(BUNDLE_EXECUTABLE_FOLDER_PATH)/week04";
			};
			name = Debug;
		};
		FD6E18C92CAE4D6B0044B757 /* Release */ = {
			isa = XCBuildConfiguration;
			buildSettings = {
				ALWAYS_EMBED_SWIFT_STANDARD_LIBRARIES = YES;
				BUNDLE_LOADER = "$(TEST_HOST)";
				CODE_SIGN_STYLE = Automatic;
				CURRENT_PROJECT_VERSION = 1;
				GENERATE_INFOPLIST_FILE = YES;
				IPHONEOS_DEPLOYMENT_TARGET = 17.5;
				MACOSX_DEPLOYMENT_TARGET = 14.4;
				MARKETING_VERSION = 1.0;
				PRODUCT_BUNDLE_IDENTIFIER = key.week04Tests;
				PRODUCT_NAME = "$(TARGET_NAME)";
				SDKROOT = auto;
				SUPPORTED_PLATFORMS = "iphoneos iphonesimulator macosx";
				SWIFT_EMIT_LOC_STRINGS = NO;
				SWIFT_VERSION = 5.0;
				TARGETED_DEVICE_FAMILY = "1,2";
				TEST_HOST = "$(BUILT_PRODUCTS_DIR)/week04.app/$(BUNDLE_EXECUTABLE_FOLDER_PATH)/week04";
			};
			name = Release;
		};
		FD6E18CB2CAE4D6B0044B757 /* Debug */ = {
			isa = XCBuildConfiguration;
			buildSettings = {
				ALWAYS_EMBED_SWIFT_STANDARD_LIBRARIES = YES;
				CODE_SIGN_STYLE = Automatic;
				CURRENT_PROJECT_VERSION = 1;
				GENERATE_INFOPLIST_FILE = YES;
				IPHONEOS_DEPLOYMENT_TARGET = 17.5;
				MACOSX_DEPLOYMENT_TARGET = 14.4;
				MARKETING_VERSION = 1.0;
				PRODUCT_BUNDLE_IDENTIFIER = key.week04UITests;
				PRODUCT_NAME = "$(TARGET_NAME)";
				SDKROOT = auto;
				SUPPORTED_PLATFORMS = "iphoneos iphonesimulator macosx";
				SWIFT_EMIT_LOC_STRINGS = NO;
				SWIFT_VERSION = 5.0;
				TARGETED_DEVICE_FAMILY = "1,2";
				TEST_TARGET_NAME = week04;
			};
			name = Debug;
		};
		FD6E18CC2CAE4D6B0044B757 /* Release */ = {
			isa = XCBuildConfiguration;
			buildSettings = {
				ALWAYS_EMBED_SWIFT_STANDARD_LIBRARIES = YES;
				CODE_SIGN_STYLE = Automatic;
				CURRENT_PROJECT_VERSION = 1;
				GENERATE_INFOPLIST_FILE = YES;
				IPHONEOS_DEPLOYMENT_TARGET = 17.5;
				MACOSX_DEPLOYMENT_TARGET = 14.4;
				MARKETING_VERSION = 1.0;
				PRODUCT_BUNDLE_IDENTIFIER = key.week04UITests;
				PRODUCT_NAME = "$(TARGET_NAME)";
				SDKROOT = auto;
				SUPPORTED_PLATFORMS = "iphoneos iphonesimulator macosx";
				SWIFT_EMIT_LOC_STRINGS = NO;
				SWIFT_VERSION = 5.0;
				TARGETED_DEVICE_FAMILY = "1,2";
				TEST_TARGET_NAME = week04;
			};
			name = Release;
		};
/* End XCBuildConfiguration section */

/* Begin XCConfigurationList section */
		FD6E189A2CAE4D640044B757 /* Build configuration list for PBXProject "week04" */ = {
			isa = XCConfigurationList;
			buildConfigurations = (
				FD6E18C22CAE4D6B0044B757 /* Debug */,
				FD6E18C32CAE4D6B0044B757 /* Release */,
			);
			defaultConfigurationIsVisible = 0;
			defaultConfigurationName = Release;
		};
		FD6E18C42CAE4D6B0044B757 /* Build configuration list for PBXNativeTarget "week04" */ = {
			isa = XCConfigurationList;
			buildConfigurations = (
				FD6E18C52CAE4D6B0044B757 /* Debug */,
				FD6E18C62CAE4D6B0044B757 /* Release */,
			);
			defaultConfigurationIsVisible = 0;
			defaultConfigurationName = Release;
		};
		FD6E18C72CAE4D6B0044B757 /* Build configuration list for PBXNativeTarget "week04Tests" */ = {
			isa = XCConfigurationList;
			buildConfigurations = (
				FD6E18C82CAE4D6B0044B757 /* Debug */,
				FD6E18C92CAE4D6B0044B757 /* Release */,
			);
			defaultConfigurationIsVisible = 0;
			defaultConfigurationName = Release;
		};
		FD6E18CA2CAE4D6B0044B757 /* Build configuration list for PBXNativeTarget "week04UITests" */ = {
			isa = XCConfigurationList;
			buildConfigurations = (
				FD6E18CB2CAE4D6B0044B757 /* Debug */,
				FD6E18CC2CAE4D6B0044B757 /* Release */,
			);
			defaultConfigurationIsVisible = 0;
			defaultConfigurationName = Release;
		};
/* End XCConfigurationList section */
	};
	rootObject = FD6E18972CAE4D640044B757 /* Project object */;
}
